// !$*UTF8*$!
{
	archiveVersion = 1;
	classes = {
	};
	objectVersion = 46;
	objects = {

/* Begin PBXBuildFile section */
		932C16FC1E731321008B2630 /* AppDelegate.swift in Sources */ = {isa = PBXBuildFile; fileRef = 932C16FB1E731321008B2630 /* AppDelegate.swift */; };
		932C16FE1E731321008B2630 /* ViewController.swift in Sources */ = {isa = PBXBuildFile; fileRef = 932C16FD1E731321008B2630 /* ViewController.swift */; };
		932C17011E731321008B2630 /* Main.storyboard in Resources */ = {isa = PBXBuildFile; fileRef = 932C16FF1E731321008B2630 /* Main.storyboard */; };
		932C17031E731321008B2630 /* Assets.xcassets in Resources */ = {isa = PBXBuildFile; fileRef = 932C17021E731321008B2630 /* Assets.xcassets */; };
		932C17061E731321008B2630 /* LaunchScreen.storyboard in Resources */ = {isa = PBXBuildFile; fileRef = 932C17041E731321008B2630 /* LaunchScreen.storyboard */; };
/* End PBXBuildFile section */

/* Begin PBXFileReference section */
		932C16F81E731321008B2630 /* meme editor.app */ = {isa = PBXFileReference; explicitFileType = wrapper.application; includeInIndex = 0; path = "meme editor.app"; sourceTree = BUILT_PRODUCTS_DIR; };
		932C16FB1E731321008B2630 /* AppDelegate.swift */ = {isa = PBXFileReference; lastKnownFileType = sourcecode.swift; path = AppDelegate.swift; sourceTree = "<group>"; };
		932C16FD1E731321008B2630 /* ViewController.swift */ = {isa = PBXFileReference; lastKnownFileType = sourcecode.swift; path = ViewController.swift; sourceTree = "<group>"; };
		932C17001E731321008B2630 /* Base */ = {isa = PBXFileReference; lastKnownFileType = file.storyboard; name = Base; path = Base.lproj/Main.storyboard; sourceTree = "<group>"; };
		932C17021E731321008B2630 /* Assets.xcassets */ = {isa = PBXFileReference; lastKnownFileType = folder.assetcatalog; path = Assets.xcassets; sourceTree = "<group>"; };
		932C17051E731321008B2630 /* Base */ = {isa = PBXFileReference; lastKnownFileType = file.storyboard; name = Base; path = Base.lproj/LaunchScreen.storyboard; sourceTree = "<group>"; };
		932C17071E731321008B2630 /* Info.plist */ = {isa = PBXFileReference; lastKnownFileType = text.plist.xml; path = Info.plist; sourceTree = "<group>"; };
/* End PBXFileReference section */

/* Begin PBXFrameworksBuildPhase section */
		932C16F51E731321008B2630 /* Frameworks */ = {
			isa = PBXFrameworksBuildPhase;
			buildActionMask = 2147483647;
			files = (
			);
			runOnlyForDeploymentPostprocessing = 0;
		};
/* End PBXFrameworksBuildPhase section */

/* Begin PBXGroup section */
		932C16EF1E731321008B2630 = {
			isa = PBXGroup;
			children = (
				932C16FA1E731321008B2630 /* meme editor */,
				932C16F91E731321008B2630 /* Products */,
			);
			sourceTree = "<group>";
		};
		932C16F91E731321008B2630 /* Products */ = {
			isa = PBXGroup;
			children = (
				932C16F81E731321008B2630 /* meme editor.app */,
			);
			name = Products;
			sourceTree = "<group>";
		};
		932C16FA1E731321008B2630 /* meme editor */ = {
			isa = PBXGroup;
			children = (
				932C16FB1E731321008B2630 /* AppDelegate.swift */,
				932C16FD1E731321008B2630 /* ViewController.swift */,
				932C16FF1E731321008B2630 /* Main.storyboard */,
				932C17021E731321008B2630 /* Assets.xcassets */,
				932C17041E731321008B2630 /* LaunchScreen.storyboard */,
				932C17071E731321008B2630 /* Info.plist */,
			);
			path = "meme editor";
			sourceTree = "<group>";
		};
/* End PBXGroup section */

/* Begin PBXNativeTarget section */
		932C16F71E731321008B2630 /* meme editor */ = {
			isa = PBXNativeTarget;
			buildConfigurationList = 932C170A1E731321008B2630 /* Build configuration list for PBXNativeTarget "meme editor" */;
			buildPhases = (
				932C16F41E731321008B2630 /* Sources */,
				932C16F51E731321008B2630 /* Frameworks */,
				932C16F61E731321008B2630 /* Resources */,
			);
			buildRules = (
			);
			dependencies = (
			);
			name = "meme editor";
			productName = "meme editor";
			productReference = 932C16F81E731321008B2630 /* meme editor.app */;
			productType = "com.apple.product-type.application";
		};
/* End PBXNativeTarget section */

/* Begin PBXProject section */
		932C16F01E731321008B2630 /* Project object */ = {
			isa = PBXProject;
			attributes = {
				LastSwiftUpdateCheck = 0820;
				LastUpgradeCheck = 0820;
				ORGANIZATIONNAME = YauheniIvaniuk;
				TargetAttributes = {
					932C16F71E731321008B2630 = {
						CreatedOnToolsVersion = 8.2;
						DevelopmentTeam = P2GURVV2B3;
						ProvisioningStyle = Automatic;
					};
				};
			};
			buildConfigurationList = 932C16F31E731321008B2630 /* Build configuration list for PBXProject "meme editor" */;
			compatibilityVersion = "Xcode 3.2";
			developmentRegion = English;
			hasScannedForEncodings = 0;
			knownRegions = (
				en,
				Base,
			);
			mainGroup = 932C16EF1E731321008B2630;
			productRefGroup = 932C16F91E731321008B2630 /* Products */;
			projectDirPath = "";
			projectRoot = "";
			targets = (
				932C16F71E731321008B2630 /* meme editor */,
			);
		};
/* End PBXProject section */

/* Begin PBXResourcesBuildPhase section */
		932C16F61E731321008B2630 /* Resources */ = {
			isa = PBXResourcesBuildPhase;
			buildActionMask = 2147483647;
			files = (
				932C17061E731321008B2630 /* LaunchScreen.storyboard in Resources */,
				932C17031E731321008B2630 /* Assets.xcassets in Resources */,
				932C17011E731321008B2630 /* Main.storyboard in Resources */,
			);
			runOnlyForDeploymentPostprocessing = 0;
		};
/* End PBXResourcesBuildPhase section */

/* Begin PBXSourcesBuildPhase section */
		932C16F41E731321008B2630 /* Sources */ = {
			isa = PBXSourcesBuildPhase;
			buildActionMask = 2147483647;
			files = (
				932C16FE1E731321008B2630 /* ViewController.swift in Sources */,
				932C16FC1E731321008B2630 /* AppDelegate.swift in Sources */,
			);
			runOnlyForDeploymentPostprocessing = 0;
		};
/* End PBXSourcesBuildPhase section */

/* Begin PBXVariantGroup section */
		932C16FF1E731321008B2630 /* Main.storyboard */ = {
			isa = PBXVariantGroup;
			children = (
				932C17001E731321008B2630 /* Base */,
			);
			name = Main.storyboard;
			sourceTree = "<group>";
		};
		932C17041E731321008B2630 /* LaunchScreen.storyboard */ = {
			isa = PBXVariantGroup;
			children = (
				932C17051E731321008B2630 /* Base */,
			);
			name = LaunchScreen.storyboard;
			sourceTree = "<group>";
		};
/* End PBXVariantGroup section */

/* Begin XCBuildConfiguration section */
		932C17081E731321008B2630 /* Debug */ = {
			isa = XCBuildConfiguration;
			buildSettings = {
				ALWAYS_SEARCH_USER_PATHS = NO;
				CLANG_ANALYZER_NONNULL = YES;
				CLANG_CXX_LANGUAGE_STANDARD = "gnu++0x";
				CLANG_CXX_LIBRARY = "libc++";
				CLANG_ENABLE_MODULES = YES;
				CLANG_ENABLE_OBJC_ARC = YES;
				CLANG_WARN_BOOL_CONVERSION = YES;
				CLANG_WARN_CONSTANT_CONVERSION = YES;
				CLANG_WARN_DIRECT_OBJC_ISA_USAGE = YES_ERROR;
				CLANG_WARN_DOCUMENTATION_COMMENTS = YES;
				CLANG_WARN_EMPTY_BODY = YES;
				CLANG_WARN_ENUM_CONVERSION = YES;
				CLANG_WARN_INFINITE_RECURSION = YES;
				CLANG_WARN_INT_CONVERSION = YES;
				CLANG_WARN_OBJC_ROOT_CLASS = YES_ERROR;
				CLANG_WARN_SUSPICIOUS_MOVE = YES;
				CLANG_WARN_UNREACHABLE_CODE = YES;
				CLANG_WARN__DUPLICATE_METHOD_MATCH = YES;
				"CODE_SIGN_IDENTITY[sdk=iphoneos*]" = "iPhone Developer";
				COPY_PHASE_STRIP = NO;
				DEBUG_INFORMATION_FORMAT = dwarf;
				ENABLE_STRICT_OBJC_MSGSEND = YES;
				ENABLE_TESTABILITY = YES;
				GCC_C_LANGUAGE_STANDARD = gnu99;
				GCC_DYNAMIC_NO_PIC = NO;
				GCC_NO_COMMON_BLOCKS = YES;
				GCC_OPTIMIZATION_LEVEL = 0;
				GCC_PREPROCESSOR_DEFINITIONS = (
					"DEBUG=1",
					"$(inherited)",
				);
				GCC_WARN_64_TO_32_BIT_CONVERSION = YES;
				GCC_WARN_ABOUT_RETURN_TYPE = YES_ERROR;
				GCC_WARN_UNDECLARED_SELECTOR = YES;
				GCC_WARN_UNINITIALIZED_AUTOS = YES_AGGRESSIVE;
				GCC_WARN_UNUSED_FUNCTION = YES;
				GCC_WARN_UNUSED_VARIABLE = YES;
				IPHONEOS_DEPLOYMENT_TARGET = 10.2;
				MTL_ENABLE_DEBUG_INFO = YES;
				ONLY_ACTIVE_ARCH = YES;
				SDKROOT = iphoneos;
				SWIFT_ACTIVE_COMPILATION_CONDITIONS = DEBUG;
				SWIFT_OPTIMIZATION_LEVEL = "-Onone";
			};
			name = Debug;
		};
		932C17091E731321008B2630 /* Release */ = {
			isa = XCBuildConfiguration;
			buildSettings = {
				ALWAYS_SEARCH_USER_PATHS = NO;
				CLANG_ANALYZER_NONNULL = YES;
				CLANG_CXX_LANGUAGE_STANDARD = "gnu++0x";
				CLANG_CXX_LIBRARY = "libc++";
				CLANG_ENABLE_MODULES = YES;
				CLANG_ENABLE_OBJC_ARC = YES;
				CLANG_WARN_BOOL_CONVERSION = YES;
				CLANG_WARN_CONSTANT_CONVERSION = YES;
				CLANG_WARN_DIRECT_OBJC_ISA_USAGE = YES_ERROR;
				CLANG_WARN_DOCUMENTATION_COMMENTS = YES;
				CLANG_WARN_EMPTY_BODY = YES;
				CLANG_WARN_ENUM_CONVERSION = YES;
				CLANG_WARN_INFINITE_RECURSION = YES;
				CLANG_WARN_INT_CONVERSION = YES;
				CLANG_WARN_OBJC_ROOT_CLASS = YES_ERROR;
				CLANG_WARN_SUSPICIOUS_MOVE = YES;
				CLANG_WARN_UNREACHABLE_CODE = YES;
				CLANG_WARN__DUPLICATE_METHOD_MATCH = YES;
				"CODE_SIGN_IDENTITY[sdk=iphoneos*]" = "iPhone Developer";
				COPY_PHASE_STRIP = NO;
				DEBUG_INFORMATION_FORMAT = "dwarf-with-dsym";
				ENABLE_NS_ASSERTIONS = NO;
				ENABLE_STRICT_OBJC_MSGSEND = YES;
				GCC_C_LANGUAGE_STANDARD = gnu99;
				GCC_NO_COMMON_BLOCKS = YES;
				GCC_WARN_64_TO_32_BIT_CONVERSION = YES;
				GCC_WARN_ABOUT_RETURN_TYPE = YES_ERROR;
				GCC_WARN_UNDECLARED_SELECTOR = YES;
				GCC_WARN_UNINITIALIZED_AUTOS = YES_AGGRESSIVE;
				GCC_WARN_UNUSED_FUNCTION = YES;
				GCC_WARN_UNUSED_VARIABLE = YES;
				IPHONEOS_DEPLOYMENT_TARGET = 10.2;
				MTL_ENABLE_DEBUG_INFO = NO;
				SDKROOT = iphoneos;
				SWIFT_OPTIMIZATION_LEVEL = "-Owholemodule";
				VALIDATE_PRODUCT = YES;
			};
			name = Release;
		};
		932C170B1E731321008B2630 /* Debug */ = {
			isa = XCBuildConfiguration;
			buildSettings = {
				ASSETCATALOG_COMPILER_APPICON_NAME = AppIcon;
				DEVELOPMENT_TEAM = P2GURVV2B3;
				INFOPLIST_FILE = "meme editor/Info.plist";
				LD_RUNPATH_SEARCH_PATHS = "$(inherited) @executable_path/Frameworks";
				PRODUCT_BUNDLE_IDENTIFIER = "club.beco.meme-editor";
				PRODUCT_NAME = "$(TARGET_NAME)";
				SWIFT_VERSION = 3.0;
			};
			name = Debug;
		};
		932C170C1E731321008B2630 /* Release */ = {
			isa = XCBuildConfiguration;
			buildSettings = {
				ASSETCATALOG_COMPILER_APPICON_NAME = AppIcon;
				DEVELOPMENT_TEAM = P2GURVV2B3;
				INFOPLIST_FILE = "meme editor/Info.plist";
				LD_RUNPATH_SEARCH_PATHS = "$(inherited) @executable_path/Frameworks";
				PRODUCT_BUNDLE_IDENTIFIER = "club.beco.meme-editor";
				PRODUCT_NAME = "$(TARGET_NAME)";
				SWIFT_VERSION = 3.0;
			};
			name = Release;
		};
/* End XCBuildConfiguration section */

/* Begin XCConfigurationList section */
		932C16F31E731321008B2630 /* Build configuration list for PBXProject "meme editor" */ = {
			isa = XCConfigurationList;
			buildConfigurations = (
				932C17081E731321008B2630 /* Debug */,
				932C17091E731321008B2630 /* Release */,
			);
			defaultConfigurationIsVisible = 0;
			defaultConfigurationName = Release;
		};
		932C170A1E731321008B2630 /* Build configuration list for PBXNativeTarget "meme editor" */ = {
			isa = XCConfigurationList;
			buildConfigurations = (
				932C170B1E731321008B2630 /* Debug */,
				932C170C1E731321008B2630 /* Release */,
			);
			defaultConfigurationIsVisible = 0;
		};
/* End XCConfigurationList section */
	};
	rootObject = 932C16F01E731321008B2630 /* Project object */;
}
